// !$*UTF8*$!
{
	archiveVersion = 1;
	classes = {
	};
	objectVersion = 55;
	objects = {

/* Begin PBXBuildFile section */
		6A0C5A8A270AEFE2008A1324 /* RecipeTabView.swift in Sources */ = {isa = PBXBuildFile; fileRef = 6A0C5A89270AEFE2008A1324 /* RecipeTabView.swift */; };
		6AD003DA2709DF1A00AD9974 /* PloetzblogApp.swift in Sources */ = {isa = PBXBuildFile; fileRef = 6AD003D92709DF1A00AD9974 /* PloetzblogApp.swift */; };
		6AD003DC2709DF1A00AD9974 /* RecipeListView.swift in Sources */ = {isa = PBXBuildFile; fileRef = 6AD003DB2709DF1A00AD9974 /* RecipeListView.swift */; };
		6AD003DE2709DF1B00AD9974 /* Assets.xcassets in Resources */ = {isa = PBXBuildFile; fileRef = 6AD003DD2709DF1B00AD9974 /* Assets.xcassets */; };
		6AD003E12709DF1B00AD9974 /* Preview Assets.xcassets in Resources */ = {isa = PBXBuildFile; fileRef = 6AD003E02709DF1B00AD9974 /* Preview Assets.xcassets */; };
		6AD003EC2709DF8A00AD9974 /* Recipes.json in Resources */ = {isa = PBXBuildFile; fileRef = 6AD003EB2709DF8A00AD9974 /* Recipes.json */; };
		6AD003EE2709DFBA00AD9974 /* Recipe.swift in Sources */ = {isa = PBXBuildFile; fileRef = 6AD003ED2709DFBA00AD9974 /* Recipe.swift */; };
		6AD003F02709E01200AD9974 /* RecipeModel.swift in Sources */ = {isa = PBXBuildFile; fileRef = 6AD003EF2709E01200AD9974 /* RecipeModel.swift */; };
		6AD003F22709E07B00AD9974 /* RecipeDetailView.swift in Sources */ = {isa = PBXBuildFile; fileRef = 6AD003F12709E07B00AD9974 /* RecipeDetailView.swift */; };
/* End PBXBuildFile section */

/* Begin PBXFileReference section */
		6A0C5A89270AEFE2008A1324 /* RecipeTabView.swift */ = {isa = PBXFileReference; lastKnownFileType = sourcecode.swift; path = RecipeTabView.swift; sourceTree = "<group>"; };
		6AD003D62709DF1A00AD9974 /* Ploetzblog.app */ = {isa = PBXFileReference; explicitFileType = wrapper.application; includeInIndex = 0; path = Ploetzblog.app; sourceTree = BUILT_PRODUCTS_DIR; };
		6AD003D92709DF1A00AD9974 /* PloetzblogApp.swift */ = {isa = PBXFileReference; lastKnownFileType = sourcecode.swift; path = PloetzblogApp.swift; sourceTree = "<group>"; };
		6AD003DB2709DF1A00AD9974 /* RecipeListView.swift */ = {isa = PBXFileReference; lastKnownFileType = sourcecode.swift; path = RecipeListView.swift; sourceTree = "<group>"; };
		6AD003DD2709DF1B00AD9974 /* Assets.xcassets */ = {isa = PBXFileReference; lastKnownFileType = folder.assetcatalog; path = Assets.xcassets; sourceTree = "<group>"; };
		6AD003E02709DF1B00AD9974 /* Preview Assets.xcassets */ = {isa = PBXFileReference; lastKnownFileType = folder.assetcatalog; path = "Preview Assets.xcassets"; sourceTree = "<group>"; };
		6AD003EB2709DF8A00AD9974 /* Recipes.json */ = {isa = PBXFileReference; lastKnownFileType = text.json; path = Recipes.json; sourceTree = "<group>"; };
		6AD003ED2709DFBA00AD9974 /* Recipe.swift */ = {isa = PBXFileReference; lastKnownFileType = sourcecode.swift; path = Recipe.swift; sourceTree = "<group>"; };
		6AD003EF2709E01200AD9974 /* RecipeModel.swift */ = {isa = PBXFileReference; lastKnownFileType = sourcecode.swift; path = RecipeModel.swift; sourceTree = "<group>"; };
		6AD003F12709E07B00AD9974 /* RecipeDetailView.swift */ = {isa = PBXFileReference; lastKnownFileType = sourcecode.swift; path = RecipeDetailView.swift; sourceTree = "<group>"; };
/* End PBXFileReference section */

/* Begin PBXFrameworksBuildPhase section */
		6AD003D32709DF1A00AD9974 /* Frameworks */ = {
			isa = PBXFrameworksBuildPhase;
			buildActionMask = 2147483647;
			files = (
			);
			runOnlyForDeploymentPostprocessing = 0;
		};
/* End PBXFrameworksBuildPhase section */

/* Begin PBXGroup section */
		6AD003CD2709DF1A00AD9974 = {
			isa = PBXGroup;
			children = (
				6AD003D82709DF1A00AD9974 /* Ploetzblog */,
				6AD003D72709DF1A00AD9974 /* Products */,
			);
			sourceTree = "<group>";
		};
		6AD003D72709DF1A00AD9974 /* Products */ = {
			isa = PBXGroup;
			children = (
				6AD003D62709DF1A00AD9974 /* Ploetzblog.app */,
			);
			name = Products;
			sourceTree = "<group>";
		};
		6AD003D82709DF1A00AD9974 /* Ploetzblog */ = {
			isa = PBXGroup;
			children = (
				6AD003EA2709DF4300AD9974 /* ViewModels */,
				6AD003E92709DF3B00AD9974 /* Models */,
				6AD003E82709DF3400AD9974 /* Data */,
				6AD003E72709DF2900AD9974 /* Views */,
				6AD003D92709DF1A00AD9974 /* PloetzblogApp.swift */,
				6AD003DD2709DF1B00AD9974 /* Assets.xcassets */,
				6AD003DF2709DF1B00AD9974 /* Preview Content */,
			);
			path = Ploetzblog;
			sourceTree = "<group>";
		};
		6AD003DF2709DF1B00AD9974 /* Preview Content */ = {
			isa = PBXGroup;
			children = (
				6AD003E02709DF1B00AD9974 /* Preview Assets.xcassets */,
			);
			path = "Preview Content";
			sourceTree = "<group>";
		};
		6AD003E72709DF2900AD9974 /* Views */ = {
			isa = PBXGroup;
			children = (
				6AD003DB2709DF1A00AD9974 /* RecipeListView.swift */,
				6AD003F12709E07B00AD9974 /* RecipeDetailView.swift */,
				6A0C5A89270AEFE2008A1324 /* RecipeTabView.swift */,
			);
			path = Views;
			sourceTree = "<group>";
		};
		6AD003E82709DF3400AD9974 /* Data */ = {
			isa = PBXGroup;
			children = (
				6AD003EB2709DF8A00AD9974 /* Recipes.json */,
			);
			path = Data;
			sourceTree = "<group>";
		};
		6AD003E92709DF3B00AD9974 /* Models */ = {
			isa = PBXGroup;
			children = (
				6AD003ED2709DFBA00AD9974 /* Recipe.swift */,
			);
			path = Models;
			sourceTree = "<group>";
		};
		6AD003EA2709DF4300AD9974 /* ViewModels */ = {
			isa = PBXGroup;
			children = (
				6AD003EF2709E01200AD9974 /* RecipeModel.swift */,
			);
			path = ViewModels;
			sourceTree = "<group>";
		};
/* End PBXGroup section */

/* Begin PBXNativeTarget section */
		6AD003D52709DF1A00AD9974 /* Ploetzblog */ = {
			isa = PBXNativeTarget;
			buildConfigurationList = 6AD003E42709DF1B00AD9974 /* Build configuration list for PBXNativeTarget "Ploetzblog" */;
			buildPhases = (
				6AD003D22709DF1A00AD9974 /* Sources */,
				6AD003D32709DF1A00AD9974 /* Frameworks */,
				6AD003D42709DF1A00AD9974 /* Resources */,
			);
			buildRules = (
			);
			dependencies = (
			);
			name = Ploetzblog;
			productName = Ploetzblog;
			productReference = 6AD003D62709DF1A00AD9974 /* Ploetzblog.app */;
			productType = "com.apple.product-type.application";
		};
/* End PBXNativeTarget section */

/* Begin PBXProject section */
		6AD003CE2709DF1A00AD9974 /* Project object */ = {
			isa = PBXProject;
			attributes = {
				BuildIndependentTargetsInParallel = 1;
				LastSwiftUpdateCheck = 1300;
				LastUpgradeCheck = 1300;
				TargetAttributes = {
					6AD003D52709DF1A00AD9974 = {
						CreatedOnToolsVersion = 13.0;
					};
				};
			};
			buildConfigurationList = 6AD003D12709DF1A00AD9974 /* Build configuration list for PBXProject "Ploetzblog" */;
			compatibilityVersion = "Xcode 13.0";
			developmentRegion = en;
			hasScannedForEncodings = 0;
			knownRegions = (
				en,
				Base,
			);
			mainGroup = 6AD003CD2709DF1A00AD9974;
			productRefGroup = 6AD003D72709DF1A00AD9974 /* Products */;
			projectDirPath = "";
			projectRoot = "";
			targets = (
				6AD003D52709DF1A00AD9974 /* Ploetzblog */,
			);
		};
/* End PBXProject section */

/* Begin PBXResourcesBuildPhase section */
		6AD003D42709DF1A00AD9974 /* Resources */ = {
			isa = PBXResourcesBuildPhase;
			buildActionMask = 2147483647;
			files = (
				6AD003E12709DF1B00AD9974 /* Preview Assets.xcassets in Resources */,
				6AD003EC2709DF8A00AD9974 /* Recipes.json in Resources */,
				6AD003DE2709DF1B00AD9974 /* Assets.xcassets in Resources */,
			);
			runOnlyForDeploymentPostprocessing = 0;
		};
/* End PBXResourcesBuildPhase section */

/* Begin PBXSourcesBuildPhase section */
		6AD003D22709DF1A00AD9974 /* Sources */ = {
			isa = PBXSourcesBuildPhase;
			buildActionMask = 2147483647;
			files = (
				6AD003EE2709DFBA00AD9974 /* Recipe.swift in Sources */,
				6AD003F22709E07B00AD9974 /* RecipeDetailView.swift in Sources */,
				6A0C5A8A270AEFE2008A1324 /* RecipeTabView.swift in Sources */,
				6AD003F02709E01200AD9974 /* RecipeModel.swift in Sources */,
				6AD003DC2709DF1A00AD9974 /* RecipeListView.swift in Sources */,
				6AD003DA2709DF1A00AD9974 /* PloetzblogApp.swift in Sources */,
			);
			runOnlyForDeploymentPostprocessing = 0;
		};
/* End PBXSourcesBuildPhase section */

/* Begin XCBuildConfiguration section */
		6AD003E22709DF1B00AD9974 /* Debug */ = {
			isa = XCBuildConfiguration;
			buildSettings = {
				ALWAYS_SEARCH_USER_PATHS = NO;
				CLANG_ANALYZER_NONNULL = YES;
				CLANG_ANALYZER_NUMBER_OBJECT_CONVERSION = YES_AGGRESSIVE;
				CLANG_CXX_LANGUAGE_STANDARD = "gnu++17";
				CLANG_CXX_LIBRARY = "libc++";
				CLANG_ENABLE_MODULES = YES;
				CLANG_ENABLE_OBJC_ARC = YES;
				CLANG_ENABLE_OBJC_WEAK = YES;
				CLANG_WARN_BLOCK_CAPTURE_AUTORELEASING = YES;
				CLANG_WARN_BOOL_CONVERSION = YES;
				CLANG_WARN_COMMA = YES;
				CLANG_WARN_CONSTANT_CONVERSION = YES;
				CLANG_WARN_DEPRECATED_OBJC_IMPLEMENTATIONS = YES;
				CLANG_WARN_DIRECT_OBJC_ISA_USAGE = YES_ERROR;
				CLANG_WARN_DOCUMENTATION_COMMENTS = YES;
				CLANG_WARN_EMPTY_BODY = YES;
				CLANG_WARN_ENUM_CONVERSION = YES;
				CLANG_WARN_INFINITE_RECURSION = YES;
				CLANG_WARN_INT_CONVERSION = YES;
				CLANG_WARN_NON_LITERAL_NULL_CONVERSION = YES;
				CLANG_WARN_OBJC_IMPLICIT_RETAIN_SELF = YES;
				CLANG_WARN_OBJC_LITERAL_CONVERSION = YES;
				CLANG_WARN_OBJC_ROOT_CLASS = YES_ERROR;
				CLANG_WARN_QUOTED_INCLUDE_IN_FRAMEWORK_HEADER = YES;
				CLANG_WARN_RANGE_LOOP_ANALYSIS = YES;
				CLANG_WARN_STRICT_PROTOTYPES = YES;
				CLANG_WARN_SUSPICIOUS_MOVE = YES;
				CLANG_WARN_UNGUARDED_AVAILABILITY = YES_AGGRESSIVE;
				CLANG_WARN_UNREACHABLE_CODE = YES;
				CLANG_WARN__DUPLICATE_METHOD_MATCH = YES;
				COPY_PHASE_STRIP = NO;
				DEBUG_INFORMATION_FORMAT = dwarf;
				ENABLE_STRICT_OBJC_MSGSEND = YES;
				ENABLE_TESTABILITY = YES;
				GCC_C_LANGUAGE_STANDARD = gnu11;
				GCC_DYNAMIC_NO_PIC = NO;
				GCC_NO_COMMON_BLOCKS = YES;
				GCC_OPTIMIZATION_LEVEL = 0;
				GCC_PREPROCESSOR_DEFINITIONS = (
					"DEBUG=1",
					"$(inherited)",
				);
				GCC_WARN_64_TO_32_BIT_CONVERSION = YES;
				GCC_WARN_ABOUT_RETURN_TYPE = YES_ERROR;
				GCC_WARN_UNDECLARED_SELECTOR = YES;
				GCC_WARN_UNINITIALIZED_AUTOS = YES_AGGRESSIVE;
				GCC_WARN_UNUSED_FUNCTION = YES;
				GCC_WARN_UNUSED_VARIABLE = YES;
				IPHONEOS_DEPLOYMENT_TARGET = 15.0;
				MTL_ENABLE_DEBUG_INFO = INCLUDE_SOURCE;
				MTL_FAST_MATH = YES;
				ONLY_ACTIVE_ARCH = YES;
				SDKROOT = iphoneos;
				SWIFT_ACTIVE_COMPILATION_CONDITIONS = DEBUG;
				SWIFT_OPTIMIZATION_LEVEL = "-Onone";
			};
			name = Debug;
		};
		6AD003E32709DF1B00AD9974 /* Release */ = {
			isa = XCBuildConfiguration;
			buildSettings = {
				ALWAYS_SEARCH_USER_PATHS = NO;
				CLANG_ANALYZER_NONNULL = YES;
				CLANG_ANALYZER_NUMBER_OBJECT_CONVERSION = YES_AGGRESSIVE;
				CLANG_CXX_LANGUAGE_STANDARD = "gnu++17";
				CLANG_CXX_LIBRARY = "libc++";
				CLANG_ENABLE_MODULES = YES;
				CLANG_ENABLE_OBJC_ARC = YES;
				CLANG_ENABLE_OBJC_WEAK = YES;
				CLANG_WARN_BLOCK_CAPTURE_AUTORELEASING = YES;
				CLANG_WARN_BOOL_CONVERSION = YES;
				CLANG_WARN_COMMA = YES;
				CLANG_WARN_CONSTANT_CONVERSION = YES;
				CLANG_WARN_DEPRECATED_OBJC_IMPLEMENTATIONS = YES;
				CLANG_WARN_DIRECT_OBJC_ISA_USAGE = YES_ERROR;
				CLANG_WARN_DOCUMENTATION_COMMENTS = YES;
				CLANG_WARN_EMPTY_BODY = YES;
				CLANG_WARN_ENUM_CONVERSION = YES;
				CLANG_WARN_INFINITE_RECURSION = YES;
				CLANG_WARN_INT_CONVERSION = YES;
				CLANG_WARN_NON_LITERAL_NULL_CONVERSION = YES;
				CLANG_WARN_OBJC_IMPLICIT_RETAIN_SELF = YES;
				CLANG_WARN_OBJC_LITERAL_CONVERSION = YES;
				CLANG_WARN_OBJC_ROOT_CLASS = YES_ERROR;
				CLANG_WARN_QUOTED_INCLUDE_IN_FRAMEWORK_HEADER = YES;
				CLANG_WARN_RANGE_LOOP_ANALYSIS = YES;
				CLANG_WARN_STRICT_PROTOTYPES = YES;
				CLANG_WARN_SUSPICIOUS_MOVE = YES;
				CLANG_WARN_UNGUARDED_AVAILABILITY = YES_AGGRESSIVE;
				CLANG_WARN_UNREACHABLE_CODE = YES;
				CLANG_WARN__DUPLICATE_METHOD_MATCH = YES;
				COPY_PHASE_STRIP = NO;
				DEBUG_INFORMATION_FORMAT = "dwarf-with-dsym";
				ENABLE_NS_ASSERTIONS = NO;
				ENABLE_STRICT_OBJC_MSGSEND = YES;
				GCC_C_LANGUAGE_STANDARD = gnu11;
				GCC_NO_COMMON_BLOCKS = YES;
				GCC_WARN_64_TO_32_BIT_CONVERSION = YES;
				GCC_WARN_ABOUT_RETURN_TYPE = YES_ERROR;
				GCC_WARN_UNDECLARED_SELECTOR = YES;
				GCC_WARN_UNINITIALIZED_AUTOS = YES_AGGRESSIVE;
				GCC_WARN_UNUSED_FUNCTION = YES;
				GCC_WARN_UNUSED_VARIABLE = YES;
				IPHONEOS_DEPLOYMENT_TARGET = 15.0;
				MTL_ENABLE_DEBUG_INFO = NO;
				MTL_FAST_MATH = YES;
				SDKROOT = iphoneos;
				SWIFT_COMPILATION_MODE = wholemodule;
				SWIFT_OPTIMIZATION_LEVEL = "-O";
				VALIDATE_PRODUCT = YES;
			};
			name = Release;
		};
		6AD003E52709DF1B00AD9974 /* Debug */ = {
			isa = XCBuildConfiguration;
			buildSettings = {
				ASSETCATALOG_COMPILER_APPICON_NAME = AppIcon;
				ASSETCATALOG_COMPILER_GLOBAL_ACCENT_COLOR_NAME = AccentColor;
				CODE_SIGN_STYLE = Automatic;
				CURRENT_PROJECT_VERSION = 1;
				DEVELOPMENT_ASSET_PATHS = "\"Ploetzblog/Preview Content\"";
				DEVELOPMENT_TEAM = S3AX38VTCQ;
				ENABLE_PREVIEWS = YES;
				GENERATE_INFOPLIST_FILE = YES;
				INFOPLIST_KEY_UIApplicationSceneManifest_Generation = YES;
				INFOPLIST_KEY_UIApplicationSupportsIndirectInputEvents = YES;
				INFOPLIST_KEY_UILaunchScreen_Generation = YES;
				INFOPLIST_KEY_UISupportedInterfaceOrientations_iPad = "UIInterfaceOrientationPortrait UIInterfaceOrientationPortraitUpsideDown UIInterfaceOrientationLandscapeLeft UIInterfaceOrientationLandscapeRight";
				INFOPLIST_KEY_UISupportedInterfaceOrientations_iPhone = "UIInterfaceOrientationPortrait UIInterfaceOrientationLandscapeLeft UIInterfaceOrientationLandscapeRight";
				IPHONEOS_DEPLOYMENT_TARGET = 14.0;
				LD_RUNPATH_SEARCH_PATHS = (
					"$(inherited)",
					"@executable_path/Frameworks",
				);
				MARKETING_VERSION = 1.0;
				PRODUCT_BUNDLE_IDENTIFIER = de.hpm64625.Ploetzblog;
				PRODUCT_NAME = "$(TARGET_NAME)";
				SWIFT_EMIT_LOC_STRINGS = YES;
				SWIFT_VERSION = 5.0;
				TARGETED_DEVICE_FAMILY = "1,2";
			};
			name = Debug;
		};
		6AD003E62709DF1B00AD9974 /* Release */ = {
			isa = XCBuildConfiguration;
			buildSettings = {
				ASSETCATALOG_COMPILER_APPICON_NAME = AppIcon;
				ASSETCATALOG_COMPILER_GLOBAL_ACCENT_COLOR_NAME = AccentColor;
				CODE_SIGN_STYLE = Automatic;
				CURRENT_PROJECT_VERSION = 1;
				DEVELOPMENT_ASSET_PATHS = "\"Ploetzblog/Preview Content\"";
				DEVELOPMENT_TEAM = S3AX38VTCQ;
				ENABLE_PREVIEWS = YES;
				GENERATE_INFOPLIST_FILE = YES;
				INFOPLIST_KEY_UIApplicationSceneManifest_Generation = YES;
				INFOPLIST_KEY_UIApplicationSupportsIndirectInputEvents = YES;
				INFOPLIST_KEY_UILaunchScreen_Generation = YES;
				INFOPLIST_KEY_UISupportedInterfaceOrientations_iPad = "UIInterfaceOrientationPortrait UIInterfaceOrientationPortraitUpsideDown UIInterfaceOrientationLandscapeLeft UIInterfaceOrientationLandscapeRight";
				INFOPLIST_KEY_UISupportedInterfaceOrientations_iPhone = "UIInterfaceOrientationPortrait UIInterfaceOrientationLandscapeLeft UIInterfaceOrientationLandscapeRight";
				IPHONEOS_DEPLOYMENT_TARGET = 14.0;
				LD_RUNPATH_SEARCH_PATHS = (
					"$(inherited)",
					"@executable_path/Frameworks",
				);
				MARKETING_VERSION = 1.0;
				PRODUCT_BUNDLE_IDENTIFIER = de.hpm64625.Ploetzblog;
				PRODUCT_NAME = "$(TARGET_NAME)";
				SWIFT_EMIT_LOC_STRINGS = YES;
				SWIFT_VERSION = 5.0;
				TARGETED_DEVICE_FAMILY = "1,2";
			};
			name = Release;
		};
/* End XCBuildConfiguration section */

/* Begin XCConfigurationList section */
		6AD003D12709DF1A00AD9974 /* Build configuration list for PBXProject "Ploetzblog" */ = {
			isa = XCConfigurationList;
			buildConfigurations = (
				6AD003E22709DF1B00AD9974 /* Debug */,
				6AD003E32709DF1B00AD9974 /* Release */,
			);
			defaultConfigurationIsVisible = 0;
			defaultConfigurationName = Release;
		};
		6AD003E42709DF1B00AD9974 /* Build configuration list for PBXNativeTarget "Ploetzblog" */ = {
			isa = XCConfigurationList;
			buildConfigurations = (
				6AD003E52709DF1B00AD9974 /* Debug */,
				6AD003E62709DF1B00AD9974 /* Release */,
			);
			defaultConfigurationIsVisible = 0;
			defaultConfigurationName = Release;
		};
/* End XCConfigurationList section */
	};
	rootObject = 6AD003CE2709DF1A00AD9974 /* Project object */;
}
